// !$*UTF8*$!
{
	archiveVersion = 1;
	classes = {
	};
	objectVersion = 46;
	objects = {

/* Begin PBXBuildFile section */
		27F91D0F16C1C98C0019C410 /* NSString+foobar.m in Sources */ = {isa = PBXBuildFile; fileRef = 27F91D0E16C1C98C0019C410 /* NSString+foobar.m */; };
		27F9A8EC16C1C0E6005CB5EC /* Cocoa.framework in Frameworks */ = {isa = PBXBuildFile; fileRef = 27F9A8EB16C1C0E6005CB5EC /* Cocoa.framework */; };
		27F9A8F616C1C0E6005CB5EC /* InfoPlist.strings in Resources */ = {isa = PBXBuildFile; fileRef = 27F9A8F416C1C0E6005CB5EC /* InfoPlist.strings */; };
		27F9A8F816C1C0E6005CB5EC /* main.m in Sources */ = {isa = PBXBuildFile; fileRef = 27F9A8F716C1C0E6005CB5EC /* main.m */; };
		27F9A8FC16C1C0E6005CB5EC /* Credits.rtf in Resources */ = {isa = PBXBuildFile; fileRef = 27F9A8FA16C1C0E6005CB5EC /* Credits.rtf */; };
		27F9A8FF16C1C0E6005CB5EC /* FfFfAppDelegate.m in Sources */ = {isa = PBXBuildFile; fileRef = 27F9A8FE16C1C0E6005CB5EC /* FfFfAppDelegate.m */; };
		27F9A90216C1C0E6005CB5EC /* MainMenu.xib in Resources */ = {isa = PBXBuildFile; fileRef = 27F9A90016C1C0E6005CB5EC /* MainMenu.xib */; };
/* End PBXBuildFile section */

/* Begin PBXFileReference section */
		27F91D0D16C1C98C0019C410 /* NSString+foobar.h */ = {isa = PBXFileReference; fileEncoding = 4; lastKnownFileType = sourcecode.c.h; path = "NSString+foobar.h"; sourceTree = "<group>"; };
		27F91D0E16C1C98C0019C410 /* NSString+foobar.m */ = {isa = PBXFileReference; fileEncoding = 4; lastKnownFileType = sourcecode.c.objc; path = "NSString+foobar.m"; sourceTree = "<group>"; };
		27F9A8E816C1C0E6005CB5EC /* TortureTextField.app */ = {isa = PBXFileReference; explicitFileType = wrapper.application; includeInIndex = 0; path = TortureTextField.app; sourceTree = BUILT_PRODUCTS_DIR; };
		27F9A8EB16C1C0E6005CB5EC /* Cocoa.framework */ = {isa = PBXFileReference; lastKnownFileType = wrapper.framework; name = Cocoa.framework; path = System/Library/Frameworks/Cocoa.framework; sourceTree = SDKROOT; };
		27F9A8EE16C1C0E6005CB5EC /* AppKit.framework */ = {isa = PBXFileReference; lastKnownFileType = wrapper.framework; name = AppKit.framework; path = System/Library/Frameworks/AppKit.framework; sourceTree = SDKROOT; };
		27F9A8EF16C1C0E6005CB5EC /* CoreData.framework */ = {isa = PBXFileReference; lastKnownFileType = wrapper.framework; name = CoreData.framework; path = System/Library/Frameworks/CoreData.framework; sourceTree = SDKROOT; };
		27F9A8F016C1C0E6005CB5EC /* Foundation.framework */ = {isa = PBXFileReference; lastKnownFileType = wrapper.framework; name = Foundation.framework; path = System/Library/Frameworks/Foundation.framework; sourceTree = SDKROOT; };
		27F9A8F316C1C0E6005CB5EC /* TortureTextField-Info.plist */ = {isa = PBXFileReference; lastKnownFileType = text.plist.xml; path = "TortureTextField-Info.plist"; sourceTree = "<group>"; };
		27F9A8F516C1C0E6005CB5EC /* en */ = {isa = PBXFileReference; lastKnownFileType = text.plist.strings; name = en; path = en.lproj/InfoPlist.strings; sourceTree = "<group>"; };
		27F9A8F716C1C0E6005CB5EC /* main.m */ = {isa = PBXFileReference; lastKnownFileType = sourcecode.c.objc; path = main.m; sourceTree = "<group>"; };
		27F9A8F916C1C0E6005CB5EC /* TortureTextField-Prefix.pch */ = {isa = PBXFileReference; lastKnownFileType = sourcecode.c.h; path = "TortureTextField-Prefix.pch"; sourceTree = "<group>"; };
		27F9A8FB16C1C0E6005CB5EC /* en */ = {isa = PBXFileReference; lastKnownFileType = text.rtf; name = en; path = en.lproj/Credits.rtf; sourceTree = "<group>"; };
		27F9A8FD16C1C0E6005CB5EC /* FfFfAppDelegate.h */ = {isa = PBXFileReference; lastKnownFileType = sourcecode.c.h; path = FfFfAppDelegate.h; sourceTree = "<group>"; };
		27F9A8FE16C1C0E6005CB5EC /* FfFfAppDelegate.m */ = {isa = PBXFileReference; lastKnownFileType = sourcecode.c.objc; path = FfFfAppDelegate.m; sourceTree = "<group>"; };
		27F9A90116C1C0E6005CB5EC /* en */ = {isa = PBXFileReference; lastKnownFileType = file.xib; name = en; path = en.lproj/MainMenu.xib; sourceTree = "<group>"; };
/* End PBXFileReference section */

/* Begin PBXFrameworksBuildPhase section */
		27F9A8E516C1C0E6005CB5EC /* Frameworks */ = {
			isa = PBXFrameworksBuildPhase;
			buildActionMask = 2147483647;
			files = (
				27F9A8EC16C1C0E6005CB5EC /* Cocoa.framework in Frameworks */,
			);
			runOnlyForDeploymentPostprocessing = 0;
		};
/* End PBXFrameworksBuildPhase section */

/* Begin PBXGroup section */
		27F9A8DF16C1C0E6005CB5EC = {
			isa = PBXGroup;
			children = (
				27F9A8F116C1C0E6005CB5EC /* testfile */,
				27F9A8EA16C1C0E6005CB5EC /* Frameworks */,
				27F9A8E916C1C0E6005CB5EC /* Products */,
			);
			sourceTree = "<group>";
		};
		27F9A8E916C1C0E6005CB5EC /* Products */ = {
			isa = PBXGroup;
			children = (
				27F9A8E816C1C0E6005CB5EC /* TortureTextField.app */,
			);
			name = Products;
			sourceTree = "<group>";
		};
		27F9A8EA16C1C0E6005CB5EC /* Frameworks */ = {
			isa = PBXGroup;
			children = (
				27F9A8EB16C1C0E6005CB5EC /* Cocoa.framework */,
				27F9A8ED16C1C0E6005CB5EC /* Other Frameworks */,
			);
			name = Frameworks;
			sourceTree = "<group>";
		};
		27F9A8ED16C1C0E6005CB5EC /* Other Frameworks */ = {
			isa = PBXGroup;
			children = (
				27F9A8EE16C1C0E6005CB5EC /* AppKit.framework */,
				27F9A8EF16C1C0E6005CB5EC /* CoreData.framework */,
				27F9A8F016C1C0E6005CB5EC /* Foundation.framework */,
			);
			name = "Other Frameworks";
			sourceTree = "<group>";
		};
		27F9A8F116C1C0E6005CB5EC /* testfile */ = {
			isa = PBXGroup;
			children = (
				27F9A8FD16C1C0E6005CB5EC /* FfFfAppDelegate.h */,
				27F9A8FE16C1C0E6005CB5EC /* FfFfAppDelegate.m */,
				27F9A90016C1C0E6005CB5EC /* MainMenu.xib */,
				27F9A8F216C1C0E6005CB5EC /* Supporting Files */,
				27F91D0D16C1C98C0019C410 /* NSString+foobar.h */,
				27F91D0E16C1C98C0019C410 /* NSString+foobar.m */,
			);
			path = testfile;
			sourceTree = "<group>";
		};
		27F9A8F216C1C0E6005CB5EC /* Supporting Files */ = {
			isa = PBXGroup;
			children = (
				27F9A8F316C1C0E6005CB5EC /* TortureTextField-Info.plist */,
				27F9A8F416C1C0E6005CB5EC /* InfoPlist.strings */,
				27F9A8F716C1C0E6005CB5EC /* main.m */,
				27F9A8F916C1C0E6005CB5EC /* TortureTextField-Prefix.pch */,
				27F9A8FA16C1C0E6005CB5EC /* Credits.rtf */,
			);
			name = "Supporting Files";
			sourceTree = "<group>";
		};
/* End PBXGroup section */

/* Begin PBXNativeTarget section */
		27F9A8E716C1C0E6005CB5EC /* TortureTextField */ = {
			isa = PBXNativeTarget;
			buildConfigurationList = 27F9A90516C1C0E6005CB5EC /* Build configuration list for PBXNativeTarget "TortureTextField" */;
			buildPhases = (
				27F9A8E416C1C0E6005CB5EC /* Sources */,
				27F9A8E516C1C0E6005CB5EC /* Frameworks */,
				27F9A8E616C1C0E6005CB5EC /* Resources */,
			);
			buildRules = (
			);
			dependencies = (
			);
			name = TortureTextField;
			productName = testfile;
			productReference = 27F9A8E816C1C0E6005CB5EC /* TortureTextField.app */;
			productType = "com.apple.product-type.application";
		};
/* End PBXNativeTarget section */

/* Begin PBXProject section */
		27F9A8E016C1C0E6005CB5EC /* Project object */ = {
			isa = PBXProject;
			attributes = {
				CLASSPREFIX = FfFf;
				LastUpgradeCheck = 0460;
				ORGANIZATIONNAME = "Greg Jaskiewicz";
			};
			buildConfigurationList = 27F9A8E316C1C0E6005CB5EC /* Build configuration list for PBXProject "TortureTextField" */;
			compatibilityVersion = "Xcode 3.2";
			developmentRegion = English;
			hasScannedForEncodings = 0;
			knownRegions = (
				en,
			);
			mainGroup = 27F9A8DF16C1C0E6005CB5EC;
			productRefGroup = 27F9A8E916C1C0E6005CB5EC /* Products */;
			projectDirPath = "";
			projectRoot = "";
			targets = (
				27F9A8E716C1C0E6005CB5EC /* TortureTextField */,
			);
		};
/* End PBXProject section */

/* Begin PBXResourcesBuildPhase section */
		27F9A8E616C1C0E6005CB5EC /* Resources */ = {
			isa = PBXResourcesBuildPhase;
			buildActionMask = 2147483647;
			files = (
				27F9A8F616C1C0E6005CB5EC /* InfoPlist.strings in Resources */,
				27F9A8FC16C1C0E6005CB5EC /* Credits.rtf in Resources */,
				27F9A90216C1C0E6005CB5EC /* MainMenu.xib in Resources */,
			);
			runOnlyForDeploymentPostprocessing = 0;
		};
/* End PBXResourcesBuildPhase section */

/* Begin PBXSourcesBuildPhase section */
		27F9A8E416C1C0E6005CB5EC /* Sources */ = {
			isa = PBXSourcesBuildPhase;
			buildActionMask = 2147483647;
			files = (
				27F9A8F816C1C0E6005CB5EC /* main.m in Sources */,
				27F9A8FF16C1C0E6005CB5EC /* FfFfAppDelegate.m in Sources */,
				27F91D0F16C1C98C0019C410 /* NSString+foobar.m in Sources */,
			);
			runOnlyForDeploymentPostprocessing = 0;
		};
/* End PBXSourcesBuildPhase section */

/* Begin PBXVariantGroup section */
		27F9A8F416C1C0E6005CB5EC /* InfoPlist.strings */ = {
			isa = PBXVariantGroup;
			children = (
				27F9A8F516C1C0E6005CB5EC /* en */,
			);
			name = InfoPlist.strings;
			sourceTree = "<group>";
		};
		27F9A8FA16C1C0E6005CB5EC /* Credits.rtf */ = {
			isa = PBXVariantGroup;
			children = (
				27F9A8FB16C1C0E6005CB5EC /* en */,
			);
			name = Credits.rtf;
			sourceTree = "<group>";
		};
		27F9A90016C1C0E6005CB5EC /* MainMenu.xib */ = {
			isa = PBXVariantGroup;
			children = (
				27F9A90116C1C0E6005CB5EC /* en */,
			);
			name = MainMenu.xib;
			sourceTree = "<group>";
		};
/* End PBXVariantGroup section */

/* Begin XCBuildConfiguration section */
		27F9A90316C1C0E6005CB5EC /* Debug */ = {
			isa = XCBuildConfiguration;
			buildSettings = {
				ALWAYS_SEARCH_USER_PATHS = NO;
				ARCHS = "$(ARCHS_STANDARD_64_BIT)";
				CLANG_CXX_LANGUAGE_STANDARD = "gnu++0x";
				CLANG_CXX_LIBRARY = "libc++";
				CLANG_ENABLE_OBJC_ARC = YES;
				CLANG_WARN_CONSTANT_CONVERSION = YES;
				CLANG_WARN_EMPTY_BODY = YES;
				CLANG_WARN_ENUM_CONVERSION = YES;
				CLANG_WARN_INT_CONVERSION = YES;
				CLANG_WARN__DUPLICATE_METHOD_MATCH = YES;
				COPY_PHASE_STRIP = NO;
				GCC_C_LANGUAGE_STANDARD = gnu99;
				GCC_DYNAMIC_NO_PIC = NO;
				GCC_ENABLE_OBJC_EXCEPTIONS = YES;
				GCC_OPTIMIZATION_LEVEL = 0;
				GCC_PREPROCESSOR_DEFINITIONS = (
					"DEBUG=1",
					"$(inherited)",
				);
				GCC_SYMBOLS_PRIVATE_EXTERN = NO;
				GCC_WARN_64_TO_32_BIT_CONVERSION = YES;
				GCC_WARN_ABOUT_RETURN_TYPE = YES;
				GCC_WARN_UNINITIALIZED_AUTOS = YES;
				GCC_WARN_UNUSED_VARIABLE = YES;
				MACOSX_DEPLOYMENT_TARGET = 10.8;
				ONLY_ACTIVE_ARCH = YES;
				SDKROOT = macosx;
			};
			name = Debug;
		};
		27F9A90416C1C0E6005CB5EC /* Release */ = {
			isa = XCBuildConfiguration;
			buildSettings = {
				ALWAYS_SEARCH_USER_PATHS = NO;
				ARCHS = "$(ARCHS_STANDARD_64_BIT)";
				CLANG_CXX_LANGUAGE_STANDARD = "gnu++0x";
				CLANG_CXX_LIBRARY = "libc++";
				CLANG_ENABLE_OBJC_ARC = YES;
				CLANG_WARN_CONSTANT_CONVERSION = YES;
				CLANG_WARN_EMPTY_BODY = YES;
				CLANG_WARN_ENUM_CONVERSION = YES;
				CLANG_WARN_INT_CONVERSION = YES;
				CLANG_WARN__DUPLICATE_METHOD_MATCH = YES;
				COPY_PHASE_STRIP = YES;
				DEBUG_INFORMATION_FORMAT = "dwarf-with-dsym";
				GCC_C_LANGUAGE_STANDARD = gnu99;
				GCC_ENABLE_OBJC_EXCEPTIONS = YES;
				GCC_WARN_64_TO_32_BIT_CONVERSION = YES;
				GCC_WARN_ABOUT_RETURN_TYPE = YES;
				GCC_WARN_UNINITIALIZED_AUTOS = YES;
				GCC_WARN_UNUSED_VARIABLE = YES;
				MACOSX_DEPLOYMENT_TARGET = 10.8;
				SDKROOT = macosx;
			};
			name = Release;
		};
		27F9A90616C1C0E6005CB5EC /* Debug */ = {
			isa = XCBuildConfiguration;
			buildSettings = {
				COMBINE_HIDPI_IMAGES = YES;
				GCC_PRECOMPILE_PREFIX_HEADER = YES;
				GCC_PREFIX_HEADER = "testfile/TortureTextField-Prefix.pch";
				INFOPLIST_FILE = "testfile/TortureTextField-Info.plist";
				PRODUCT_NAME = TortureTextField;
				WRAPPER_EXTENSION = app;
			};
			name = Debug;
		};
		27F9A90716C1C0E6005CB5EC /* Release */ = {
			isa = XCBuildConfiguration;
			buildSettings = {
				COMBINE_HIDPI_IMAGES = YES;
				GCC_PRECOMPILE_PREFIX_HEADER = YES;
				GCC_PREFIX_HEADER = "testfile/TortureTextField-Prefix.pch";
				INFOPLIST_FILE = "testfile/TortureTextField-Info.plist";
				PRODUCT_NAME = TortureTextField;
				WRAPPER_EXTENSION = app;
			};
			name = Release;
		};
/* End XCBuildConfiguration section */

/* Begin XCConfigurationList section */
		27F9A8E316C1C0E6005CB5EC /* Build configuration list for PBXProject "TortureTextField" */ = {
			isa = XCConfigurationList;
			buildConfigurations = (
				27F9A90316C1C0E6005CB5EC /* Debug */,
				27F9A90416C1C0E6005CB5EC /* Release */,
			);
			defaultConfigurationIsVisible = 0;
			defaultConfigurationName = Release;
		};
		27F9A90516C1C0E6005CB5EC /* Build configuration list for PBXNativeTarget "TortureTextField" */ = {
			isa = XCConfigurationList;
			buildConfigurations = (
				27F9A90616C1C0E6005CB5EC /* Debug */,
				27F9A90716C1C0E6005CB5EC /* Release */,
			);
			defaultConfigurationIsVisible = 0;
			defaultConfigurationName = Release;
		};
/* End XCConfigurationList section */
	};
	rootObject = 27F9A8E016C1C0E6005CB5EC /* Project object */;
}
